
Microsoft Visual Studio Solution File, Format Version 12.00
# Visual Studio Version 17
VisualStudioVersion = 17.0.31903.59
MinimumVisualStudioVersion = 10.0.40219.1
Project("{2150E333-8FDC-42A3-9474-1A3956D46DE8}") = "src", "src", "{827E0CD3-B72D-47B6-A68D-7590B98EB39B}"
EndProject
Project("{FAE04EC0-301F-11D3-BF4B-00C04F79EFBC}") = "AuditionModStudio.AI", "src\AuditionModStudio.AI\AuditionModStudio.AI.csproj", "{B26BA936-83E2-4ABE-A859-DC7223669428}"
EndProject
Project("{FAE04EC0-301F-11D3-BF4B-00C04F79EFBC}") = "AuditionModStudio.App", "src\AuditionModStudio.App\AuditionModStudio.App.csproj", "{E4333635-9528-45FD-A1D1-5533F37B375A}"
EndProject
Project("{FAE04EC0-301F-11D3-BF4B-00C04F79EFBC}") = "AuditionModStudio.Archives", "src\AuditionModStudio.Archives\AuditionModStudio.Archives.csproj", "{373A725A-021A-471B-8350-D0F3A00D9D10}"
EndProject
Project("{FAE04EC0-301F-11D3-BF4B-00C04F79EFBC}") = "AuditionModStudio.Cloud", "src\AuditionModStudio.Cloud\AuditionModStudio.Cloud.csproj", "{1A93B793-25D1-4BB0-A002-A52B43C3F5C2}"
EndProject
Project("{FAE04EC0-301F-11D3-BF4B-00C04F79EFBC}") = "AuditionModStudio.Core", "src\AuditionModStudio.Core\AuditionModStudio.Core.csproj", "{795064CE-45C3-4581-848C-2AAE16B069DF}"
EndProject
Project("{FAE04EC0-301F-11D3-BF4B-00C04F79EFBC}") = "AuditionModStudio.Dds", "src\AuditionModStudio.Dds\AuditionModStudio.Dds.csproj", "{D925DF29-2A80-4654-B979-7FAC78C04557}"
EndProject
Project("{FAE04EC0-301F-11D3-BF4B-00C04F79EFBC}") = "AuditionModStudio.Imaging", "src\AuditionModStudio.Imaging\AuditionModStudio.Imaging.csproj", "{BDFC9CD6-07CA-4132-AA3B-D9018B36A4DA}"
EndProject
Project("{FAE04EC0-301F-11D3-BF4B-00C04F79EFBC}") = "AuditionModStudio.Infrastructure", "src\AuditionModStudio.Infrastructure\AuditionModStudio.Infrastructure.csproj", "{B11B99A1-C038-4852-ADAE-AAF9BA954F33}"
EndProject
Project("{FAE04EC0-301F-11D3-BF4B-00C04F79EFBC}") = "AuditionModStudio.Mods", "src\AuditionModStudio.Mods\AuditionModStudio.Mods.csproj", "{333FF4B5-3DFB-40B7-9371-054CB4DF7033}"
EndProject
Project("{FAE04EC0-301F-11D3-BF4B-00C04F79EFBC}") = "AuditionModStudio.Projects", "src\AuditionModStudio.Projects\AuditionModStudio.Projects.csproj", "{C24D2D30-4CD1-403A-A3EC-58329F80759B}"
EndProject
Project("{FAE04EC0-301F-11D3-BF4B-00C04F79EFBC}") = "AuditionModStudio.Security", "src\AuditionModStudio.Security\AuditionModStudio.Security.csproj", "{9FA9805B-FF93-4323-AA58-DA85E78BA35B}"
EndProject
Project("{FAE04EC0-301F-11D3-BF4B-00C04F79EFBC}") = "AuditionModStudio.Updater", "src\AuditionModStudio.Updater\AuditionModStudio.Updater.csproj", "{D2D28B38-9AF0-4781-81E7-958F1FC31B16}"
EndProject
Project("{2150E333-8FDC-42A3-9474-1A3956D46DE8}") = "tests", "tests", "{0AB3BF05-4346-4AA6-1389-037BE0695223}"
EndProject
Project("{FAE04EC0-301F-11D3-BF4B-00C04F79EFBC}") = "Archives.Tests", "tests\Archives.Tests\Archives.Tests.csproj", "{2FF03E01-C366-455A-99FE-647CA15E084C}"
EndProject
Project("{FAE04EC0-301F-11D3-BF4B-00C04F79EFBC}") = "Core.Tests", "tests\Core.Tests\Core.Tests.csproj", "{6756D07B-ED6B-491C-880D-36E023BCE128}"
EndProject
Project("{FAE04EC0-301F-11D3-BF4B-00C04F79EFBC}") = "Dds.Tests", "tests\Dds.Tests\Dds.Tests.csproj", "{F8C581F8-A512-44C3-9BF4-F918E69BDEA9}"
EndProject
Project("{FAE04EC0-301F-11D3-BF4B-00C04F79EFBC}") = "Imaging.Tests", "tests\Imaging.Tests\Imaging.Tests.csproj", "{041B7FCE-A2BE-4A4D-A27F-3A151B0B37A3}"
EndProject
Project("{FAE04EC0-301F-11D3-BF4B-00C04F79EFBC}") = "IntegrationTests", "tests\IntegrationTests\IntegrationTests.csproj", "{698045FE-5083-4981-9E78-E1C6E1FC893A}"
EndProject
Project("{FAE04EC0-301F-11D3-BF4B-00C04F79EFBC}") = "Projects.Tests", "tests\Projects.Tests\Projects.Tests.csproj", "{90E1EB12-9A73-4E84-906C-8BCCE1A1903F}"
EndProject
Project("{FAE04EC0-301F-11D3-BF4B-00C04F79EFBC}") = "Security.Tests", "tests\Security.Tests\Security.Tests.csproj", "{0B15D6D8-6B4C-4E1A-99C6-F43B6FB7D9E7}"
EndProject
Global
	GlobalSection(SolutionConfigurationPlatforms) = preSolution
		Debug|Any CPU = Debug|Any CPU
		Debug|x64 = Debug|x64
		Debug|x86 = Debug|x86
		Release|Any CPU = Release|Any CPU
		Release|x64 = Release|x64
		Release|x86 = Release|x86
	EndGlobalSection
	GlobalSection(ProjectConfigurationPlatforms) = postSolution
		{B26BA936-83E2-4ABE-A859-DC7223669428}.Debug|Any CPU.ActiveCfg = Debug|Any CPU
		{B26BA936-83E2-4ABE-A859-DC7223669428}.Debug|Any CPU.Build.0 = Debug|Any CPU
		{B26BA936-83E2-4ABE-A859-DC7223669428}.Debug|x64.ActiveCfg = Debug|Any CPU
		{B26BA936-83E2-4ABE-A859-DC7223669428}.Debug|x64.Build.0 = Debug|Any CPU
		{B26BA936-83E2-4ABE-A859-DC7223669428}.Debug|x86.ActiveCfg = Debug|Any CPU
		{B26BA936-83E2-4ABE-A859-DC7223669428}.Debug|x86.Build.0 = Debug|Any CPU
		{B26BA936-83E2-4ABE-A859-DC7223669428}.Release|Any CPU.ActiveCfg = Release|Any CPU
		{B26BA936-83E2-4ABE-A859-DC7223669428}.Release|Any CPU.Build.0 = Release|Any CPU
		{B26BA936-83E2-4ABE-A859-DC7223669428}.Release|x64.ActiveCfg = Release|Any CPU
		{B26BA936-83E2-4ABE-A859-DC7223669428}.Release|x64.Build.0 = Release|Any CPU
		{B26BA936-83E2-4ABE-A859-DC7223669428}.Release|x86.ActiveCfg = Release|Any CPU
		{B26BA936-83E2-4ABE-A859-DC7223669428}.Release|x86.Build.0 = Release|Any CPU
		{E4333635-9528-45FD-A1D1-5533F37B375A}.Debug|Any CPU.ActiveCfg = Debug|x64
		{E4333635-9528-45FD-A1D1-5533F37B375A}.Debug|Any CPU.Build.0 = Debug|x64
		{E4333635-9528-45FD-A1D1-5533F37B375A}.Debug|x64.ActiveCfg = Debug|x64
		{E4333635-9528-45FD-A1D1-5533F37B375A}.Debug|x64.Build.0 = Debug|x64
		{E4333635-9528-45FD-A1D1-5533F37B375A}.Debug|x86.ActiveCfg = Debug|x86
		{E4333635-9528-45FD-A1D1-5533F37B375A}.Debug|x86.Build.0 = Debug|x86
		{E4333635-9528-45FD-A1D1-5533F37B375A}.Release|Any CPU.ActiveCfg = Release|x64
		{E4333635-9528-45FD-A1D1-5533F37B375A}.Release|Any CPU.Build.0 = Release|x64
		{E4333635-9528-45FD-A1D1-5533F37B375A}.Release|x64.ActiveCfg = Release|x64
		{E4333635-9528-45FD-A1D1-5533F37B375A}.Release|x64.Build.0 = Release|x64
		{E4333635-9528-45FD-A1D1-5533F37B375A}.Release|x86.ActiveCfg = Release|x86
		{E4333635-9528-45FD-A1D1-5533F37B375A}.Release|x86.Build.0 = Release|x86
		{373A725A-021A-471B-8350-D0F3A00D9D10}.Debug|Any CPU.ActiveCfg = Debug|Any CPU
		{373A725A-021A-471B-8350-D0F3A00D9D10}.Debug|Any CPU.Build.0 = Debug|Any CPU
		{373A725A-021A-471B-8350-D0F3A00D9D10}.Debug|x64.ActiveCfg = Debug|Any CPU
		{373A725A-021A-471B-8350-D0F3A00D9D10}.Debug|x64.Build.0 = Debug|Any CPU
		{373A725A-021A-471B-8350-D0F3A00D9D10}.Debug|x86.ActiveCfg = Debug|Any CPU
		{373A725A-021A-471B-8350-D0F3A00D9D10}.Debug|x86.Build.0 = Debug|Any CPU
		{373A725A-021A-471B-8350-D0F3A00D9D10}.Release|Any CPU.ActiveCfg = Release|Any CPU
		{373A725A-021A-471B-8350-D0F3A00D9D10}.Release|Any CPU.Build.0 = Release|Any CPU
		{373A725A-021A-471B-8350-D0F3A00D9D10}.Release|x64.ActiveCfg = Release|Any CPU
		{373A725A-021A-471B-8350-D0F3A00D9D10}.Release|x64.Build.0 = Release|Any CPU
		{373A725A-021A-471B-8350-D0F3A00D9D10}.Release|x86.ActiveCfg = Release|Any CPU
		{373A725A-021A-471B-8350-D0F3A00D9D10}.Release|x86.Build.0 = Release|Any CPU
		{1A93B793-25D1-4BB0-A002-A52B43C3F5C2}.Debug|Any CPU.ActiveCfg = Debug|Any CPU
		{1A93B793-25D1-4BB0-A002-A52B43C3F5C2}.Debug|Any CPU.Build.0 = Debug|Any CPU
		{1A93B793-25D1-4BB0-A002-A52B43C3F5C2}.Debug|x64.ActiveCfg = Debug|Any CPU
		{1A93B793-25D1-4BB0-A002-A52B43C3F5C2}.Debug|x64.Build.0 = Debug|Any CPU
		{1A93B793-25D1-4BB0-A002-A52B43C3F5C2}.Debug|x86.ActiveCfg = Debug|Any CPU
		{1A93B793-25D1-4BB0-A002-A52B43C3F5C2}.Debug|x86.Build.0 = Debug|Any CPU
		{1A93B793-25D1-4BB0-A002-A52B43C3F5C2}.Release|Any CPU.ActiveCfg = Release|Any CPU
		{1A93B793-25D1-4BB0-A002-A52B43C3F5C2}.Release|Any CPU.Build.0 = Release|Any CPU
		{1A93B793-25D1-4BB0-A002-A52B43C3F5C2}.Release|x64.ActiveCfg = Release|Any CPU
		{1A93B793-25D1-4BB0-A002-A52B43C3F5C2}.Release|x64.Build.0 = Release|Any CPU
		{1A93B793-25D1-4BB0-A002-A52B43C3F5C2}.Release|x86.ActiveCfg = Release|Any CPU
		{1A93B793-25D1-4BB0-A002-A52B43C3F5C2}.Release|x86.Build.0 = Release|Any CPU
		{795064CE-45C3-4581-848C-2AAE16B069DF}.Debug|Any CPU.ActiveCfg = Debug|Any CPU
		{795064CE-45C3-4581-848C-2AAE16B069DF}.Debug|Any CPU.Build.0 = Debug|Any CPU
		{795064CE-45C3-4581-848C-2AAE16B069DF}.Debug|x64.ActiveCfg = Debug|Any CPU
		{795064CE-45C3-4581-848C-2AAE16B069DF}.Debug|x64.Build.0 = Debug|Any CPU
		{795064CE-45C3-4581-848C-2AAE16B069DF}.Debug|x86.ActiveCfg = Debug|Any CPU
		{795064CE-45C3-4581-848C-2AAE16B069DF}.Debug|x86.Build.0 = Debug|Any CPU
		{795064CE-45C3-4581-848C-2AAE16B069DF}.Release|Any CPU.ActiveCfg = Release|Any CPU
		{795064CE-45C3-4581-848C-2AAE16B069DF}.Release|Any CPU.Build.0 = Release|Any CPU
		{795064CE-45C3-4581-848C-2AAE16B069DF}.Release|x64.ActiveCfg = Release|Any CPU
		{795064CE-45C3-4581-848C-2AAE16B069DF}.Release|x64.Build.0 = Release|Any CPU
		{795064CE-45C3-4581-848C-2AAE16B069DF}.Release|x86.ActiveCfg = Release|Any CPU
		{795064CE-45C3-4581-848C-2AAE16B069DF}.Release|x86.Build.0 = Release|Any CPU
		{D925DF29-2A80-4654-B979-7FAC78C04557}.Debug|Any CPU.ActiveCfg = Debug|Any CPU
		{D925DF29-2A80-4654-B979-7FAC78C04557}.Debug|Any CPU.Build.0 = Debug|Any CPU
		{D925DF29-2A80-4654-B979-7FAC78C04557}.Debug|x64.ActiveCfg = Debug|Any CPU
		{D925DF29-2A80-4654-B979-7FAC78C04557}.Debug|x64.Build.0 = Debug|Any CPU
		{D925DF29-2A80-4654-B979-7FAC78C04557}.Debug|x86.ActiveCfg = Debug|Any CPU
		{D925DF29-2A80-4654-B979-7FAC78C04557}.Debug|x86.Build.0 = Debug|Any CPU
		{D925DF29-2A80-4654-B979-7FAC78C04557}.Release|Any CPU.ActiveCfg = Release|Any CPU
		{D925DF29-2A80-4654-B979-7FAC78C04557}.Release|Any CPU.Build.0 = Release|Any CPU
		{D925DF29-2A80-4654-B979-7FAC78C04557}.Release|x64.ActiveCfg = Release|Any CPU
		{D925DF29-2A80-4654-B979-7FAC78C04557}.Release|x64.Build.0 = Release|Any CPU
		{D925DF29-2A80-4654-B979-7FAC78C04557}.Release|x86.ActiveCfg = Release|Any CPU
		{D925DF29-2A80-4654-B979-7FAC78C04557}.Release|x86.Build.0 = Release|Any CPU
		{BDFC9CD6-07CA-4132-AA3B-D9018B36A4DA}.Debug|Any CPU.ActiveCfg = Debug|Any CPU
		{BDFC9CD6-07CA-4132-AA3B-D9018B36A4DA}.Debug|Any CPU.Build.0 = Debug|Any CPU
		{BDFC9CD6-07CA-4132-AA3B-D9018B36A4DA}.Debug|x64.ActiveCfg = Debug|Any CPU
		{BDFC9CD6-07CA-4132-AA3B-D9018B36A4DA}.Debug|x64.Build.0 = Debug|Any CPU
		{BDFC9CD6-07CA-4132-AA3B-D9018B36A4DA}.Debug|x86.ActiveCfg = Debug|Any CPU
		{BDFC9CD6-07CA-4132-AA3B-D9018B36A4DA}.Debug|x86.Build.0 = Debug|Any CPU
		{BDFC9CD6-07CA-4132-AA3B-D9018B36A4DA}.Release|Any CPU.ActiveCfg = Release|Any CPU
		{BDFC9CD6-07CA-4132-AA3B-D9018B36A4DA}.Release|Any CPU.Build.0 = Release|Any CPU
		{BDFC9CD6-07CA-4132-AA3B-D9018B36A4DA}.Release|x64.ActiveCfg = Release|Any CPU
		{BDFC9CD6-07CA-4132-AA3B-D9018B36A4DA}.Release|x64.Build.0 = Release|Any CPU
		{BDFC9CD6-07CA-4132-AA3B-D9018B36A4DA}.Release|x86.ActiveCfg = Release|Any CPU
		{BDFC9CD6-07CA-4132-AA3B-D9018B36A4DA}.Release|x86.Build.0 = Release|Any CPU
		{B11B99A1-C038-4852-ADAE-AAF9BA954F33}.Debug|Any CPU.ActiveCfg = Debug|Any CPU
		{B11B99A1-C038-4852-ADAE-AAF9BA954F33}.Debug|Any CPU.Build.0 = Debug|Any CPU
		{B11B99A1-C038-4852-ADAE-AAF9BA954F33}.Debug|x64.ActiveCfg = Debug|Any CPU
		{B11B99A1-C038-4852-ADAE-AAF9BA954F33}.Debug|x64.Build.0 = Debug|Any CPU
		{B11B99A1-C038-4852-ADAE-AAF9BA954F33}.Debug|x86.ActiveCfg = Debug|Any CPU
		{B11B99A1-C038-4852-ADAE-AAF9BA954F33}.Debug|x86.Build.0 = Debug|Any CPU
		{B11B99A1-C038-4852-ADAE-AAF9BA954F33}.Release|Any CPU.ActiveCfg = Release|Any CPU
		{B11B99A1-C038-4852-ADAE-AAF9BA954F33}.Release|Any CPU.Build.0 = Release|Any CPU
		{B11B99A1-C038-4852-ADAE-AAF9BA954F33}.Release|x64.ActiveCfg = Release|Any CPU
		{B11B99A1-C038-4852-ADAE-AAF9BA954F33}.Release|x64.Build.0 = Release|Any CPU
		{B11B99A1-C038-4852-ADAE-AAF9BA954F33}.Release|x86.ActiveCfg = Release|Any CPU
		{B11B99A1-C038-4852-ADAE-AAF9BA954F33}.Release|x86.Build.0 = Release|Any CPU
		{333FF4B5-3DFB-40B7-9371-054CB4DF7033}.Debug|Any CPU.ActiveCfg = Debug|Any CPU
		{333FF4B5-3DFB-40B7-9371-054CB4DF7033}.Debug|Any CPU.Build.0 = Debug|Any CPU
		{333FF4B5-3DFB-40B7-9371-054CB4DF7033}.Debug|x64.ActiveCfg = Debug|Any CPU
		{333FF4B5-3DFB-40B7-9371-054CB4DF7033}.Debug|x64.Build.0 = Debug|Any CPU
		{333FF4B5-3DFB-40B7-9371-054CB4DF7033}.Debug|x86.ActiveCfg = Debug|Any CPU
		{333FF4B5-3DFB-40B7-9371-054CB4DF7033}.Debug|x86.Build.0 = Debug|Any CPU
		{333FF4B5-3DFB-40B7-9371-054CB4DF7033}.Release|Any CPU.ActiveCfg = Release|Any CPU
		{333FF4B5-3DFB-40B7-9371-054CB4DF7033}.Release|Any CPU.Build.0 = Release|Any CPU
		{333FF4B5-3DFB-40B7-9371-054CB4DF7033}.Release|x64.ActiveCfg = Release|Any CPU
		{333FF4B5-3DFB-40B7-9371-054CB4DF7033}.Release|x64.Build.0 = Release|Any CPU
		{333FF4B5-3DFB-40B7-9371-054CB4DF7033}.Release|x86.ActiveCfg = Release|Any CPU
		{333FF4B5-3DFB-40B7-9371-054CB4DF7033}.Release|x86.Build.0 = Release|Any CPU
		{C24D2D30-4CD1-403A-A3EC-58329F80759B}.Debug|Any CPU.ActiveCfg = Debug|Any CPU
		{C24D2D30-4CD1-403A-A3EC-58329F80759B}.Debug|Any CPU.Build.0 = Debug|Any CPU
		{C24D2D30-4CD1-403A-A3EC-58329F80759B}.Debug|x64.ActiveCfg = Debug|Any CPU
		{C24D2D30-4CD1-403A-A3EC-58329F80759B}.Debug|x64.Build.0 = Debug|Any CPU
		{C24D2D30-4CD1-403A-A3EC-58329F80759B}.Debug|x86.ActiveCfg = Debug|Any CPU
		{C24D2D30-4CD1-403A-A3EC-58329F80759B}.Debug|x86.Build.0 = Debug|Any CPU
		{C24D2D30-4CD1-403A-A3EC-58329F80759B}.Release|Any CPU.ActiveCfg = Release|Any CPU
		{C24D2D30-4CD1-403A-A3EC-58329F80759B}.Release|Any CPU.Build.0 = Release|Any CPU
		{C24D2D30-4CD1-403A-A3EC-58329F80759B}.Release|x64.ActiveCfg = Release|Any CPU
		{C24D2D30-4CD1-403A-A3EC-58329F80759B}.Release|x64.Build.0 = Release|Any CPU
		{C24D2D30-4CD1-403A-A3EC-58329F80759B}.Release|x86.ActiveCfg = Release|Any CPU
		{C24D2D30-4CD1-403A-A3EC-58329F80759B}.Release|x86.Build.0 = Release|Any CPU
		{9FA9805B-FF93-4323-AA58-DA85E78BA35B}.Debug|Any CPU.ActiveCfg = Debug|Any CPU
		{9FA9805B-FF93-4323-AA58-DA85E78BA35B}.Debug|Any CPU.Build.0 = Debug|Any CPU
		{9FA9805B-FF93-4323-AA58-DA85E78BA35B}.Debug|x64.ActiveCfg = Debug|Any CPU
		{9FA9805B-FF93-4323-AA58-DA85E78BA35B}.Debug|x64.Build.0 = Debug|Any CPU
		{9FA9805B-FF93-4323-AA58-DA85E78BA35B}.Debug|x86.ActiveCfg = Debug|Any CPU
		{9FA9805B-FF93-4323-AA58-DA85E78BA35B}.Debug|x86.Build.0 = Debug|Any CPU
		{9FA9805B-FF93-4323-AA58-DA85E78BA35B}.Release|Any CPU.ActiveCfg = Release|Any CPU
		{9FA9805B-FF93-4323-AA58-DA85E78BA35B}.Release|Any CPU.Build.0 = Release|Any CPU
		{9FA9805B-FF93-4323-AA58-DA85E78BA35B}.Release|x64.ActiveCfg = Release|Any CPU
		{9FA9805B-FF93-4323-AA58-DA85E78BA35B}.Release|x64.Build.0 = Release|Any CPU
		{9FA9805B-FF93-4323-AA58-DA85E78BA35B}.Release|x86.ActiveCfg = Release|Any CPU
		{9FA9805B-FF93-4323-AA58-DA85E78BA35B}.Release|x86.Build.0 = Release|Any CPU
		{D2D28B38-9AF0-4781-81E7-958F1FC31B16}.Debug|Any CPU.ActiveCfg = Debug|Any CPU
		{D2D28B38-9AF0-4781-81E7-958F1FC31B16}.Debug|Any CPU.Build.0 = Debug|Any CPU
		{D2D28B38-9AF0-4781-81E7-958F1FC31B16}.Debug|x64.ActiveCfg = Debug|Any CPU
		{D2D28B38-9AF0-4781-81E7-958F1FC31B16}.Debug|x64.Build.0 = Debug|Any CPU
		{D2D28B38-9AF0-4781-81E7-958F1FC31B16}.Debug|x86.ActiveCfg = Debug|Any CPU
		{D2D28B38-9AF0-4781-81E7-958F1FC31B16}.Debug|x86.Build.0 = Debug|Any CPU
		{D2D28B38-9AF0-4781-81E7-958F1FC31B16}.Release|Any CPU.ActiveCfg = Release|Any CPU
		{D2D28B38-9AF0-4781-81E7-958F1FC31B16}.Release|Any CPU.Build.0 = Release|Any CPU
		{D2D28B38-9AF0-4781-81E7-958F1FC31B16}.Release|x64.ActiveCfg = Release|Any CPU
		{D2D28B38-9AF0-4781-81E7-958F1FC31B16}.Release|x64.Build.0 = Release|Any CPU
		{D2D28B38-9AF0-4781-81E7-958F1FC31B16}.Release|x86.ActiveCfg = Release|Any CPU
		{D2D28B38-9AF0-4781-81E7-958F1FC31B16}.Release|x86.Build.0 = Release|Any CPU
		{2FF03E01-C366-455A-99FE-647CA15E084C}.Debug|Any CPU.ActiveCfg = Debug|Any CPU
		{2FF03E01-C366-455A-99FE-647CA15E084C}.Debug|Any CPU.Build.0 = Debug|Any CPU
		{2FF03E01-C366-455A-99FE-647CA15E084C}.Debug|x64.ActiveCfg = Debug|Any CPU
		{2FF03E01-C366-455A-99FE-647CA15E084C}.Debug|x64.Build.0 = Debug|Any CPU
		{2FF03E01-C366-455A-99FE-647CA15E084C}.Debug|x86.ActiveCfg = Debug|Any CPU
		{2FF03E01-C366-455A-99FE-647CA15E084C}.Debug|x86.Build.0 = Debug|Any CPU
		{2FF03E01-C366-455A-99FE-647CA15E084C}.Release|Any CPU.ActiveCfg = Release|Any CPU
		{2FF03E01-C366-455A-99FE-647CA15E084C}.Release|Any CPU.Build.0 = Release|Any CPU
		{2FF03E01-C366-455A-99FE-647CA15E084C}.Release|x64.ActiveCfg = Release|Any CPU
		{2FF03E01-C366-455A-99FE-647CA15E084C}.Release|x64.Build.0 = Release|Any CPU
		{2FF03E01-C366-455A-99FE-647CA15E084C}.Release|x86.ActiveCfg = Release|Any CPU
		{2FF03E01-C366-455A-99FE-647CA15E084C}.Release|x86.Build.0 = Release|Any CPU
		{6756D07B-ED6B-491C-880D-36E023BCE128}.Debug|Any CPU.ActiveCfg = Debug|Any CPU
		{6756D07B-ED6B-491C-880D-36E023BCE128}.Debug|Any CPU.Build.0 = Debug|Any CPU
		{6756D07B-ED6B-491C-880D-36E023BCE128}.Debug|x64.ActiveCfg = Debug|Any CPU
		{6756D07B-ED6B-491C-880D-36E023BCE128}.Debug|x64.Build.0 = Debug|Any CPU
		{6756D07B-ED6B-491C-880D-36E023BCE128}.Debug|x86.ActiveCfg = Debug|Any CPU
		{6756D07B-ED6B-491C-880D-36E023BCE128}.Debug|x86.Build.0 = Debug|Any CPU
		{6756D07B-ED6B-491C-880D-36E023BCE128}.Release|Any CPU.ActiveCfg = Release|Any CPU
		{6756D07B-ED6B-491C-880D-36E023BCE128}.Release|Any CPU.Build.0 = Release|Any CPU
		{6756D07B-ED6B-491C-880D-36E023BCE128}.Release|x64.ActiveCfg = Release|Any CPU
		{6756D07B-ED6B-491C-880D-36E023BCE128}.Release|x64.Build.0 = Release|Any CPU
		{6756D07B-ED6B-491C-880D-36E023BCE128}.Release|x86.ActiveCfg = Release|Any CPU
		{6756D07B-ED6B-491C-880D-36E023BCE128}.Release|x86.Build.0 = Release|Any CPU
		{F8C581F8-A512-44C3-9BF4-F918E69BDEA9}.Debug|Any CPU.ActiveCfg = Debug|Any CPU
		{F8C581F8-A512-44C3-9BF4-F918E69BDEA9}.Debug|Any CPU.Build.0 = Debug|Any CPU
		{F8C581F8-A512-44C3-9BF4-F918E69BDEA9}.Debug|x64.ActiveCfg = Debug|Any CPU
		{F8C581F8-A512-44C3-9BF4-F918E69BDEA9}.Debug|x64.Build.0 = Debug|Any CPU
		{F8C581F8-A512-44C3-9BF4-F918E69BDEA9}.Debug|x86.ActiveCfg = Debug|Any CPU
		{F8C581F8-A512-44C3-9BF4-F918E69BDEA9}.Debug|x86.Build.0 = Debug|Any CPU
		{F8C581F8-A512-44C3-9BF4-F918E69BDEA9}.Release|Any CPU.ActiveCfg = Release|Any CPU
		{F8C581F8-A512-44C3-9BF4-F918E69BDEA9}.Release|Any CPU.Build.0 = Release|Any CPU
		{F8C581F8-A512-44C3-9BF4-F918E69BDEA9}.Release|x64.ActiveCfg = Release|Any CPU
		{F8C581F8-A512-44C3-9BF4-F918E69BDEA9}.Release|x64.Build.0 = Release|Any CPU
		{F8C581F8-A512-44C3-9BF4-F918E69BDEA9}.Release|x86.ActiveCfg = Release|Any CPU
		{F8C581F8-A512-44C3-9BF4-F918E69BDEA9}.Release|x86.Build.0 = Release|Any CPU
		{041B7FCE-A2BE-4A4D-A27F-3A151B0B37A3}.Debug|Any CPU.ActiveCfg = Debug|Any CPU
		{041B7FCE-A2BE-4A4D-A27F-3A151B0B37A3}.Debug|Any CPU.Build.0 = Debug|Any CPU
		{041B7FCE-A2BE-4A4D-A27F-3A151B0B37A3}.Debug|x64.ActiveCfg = Debug|Any CPU
		{041B7FCE-A2BE-4A4D-A27F-3A151B0B37A3}.Debug|x64.Build.0 = Debug|Any CPU
		{041B7FCE-A2BE-4A4D-A27F-3A151B0B37A3}.Debug|x86.ActiveCfg = Debug|Any CPU
		{041B7FCE-A2BE-4A4D-A27F-3A151B0B37A3}.Debug|x86.Build.0 = Debug|Any CPU
		{041B7FCE-A2BE-4A4D-A27F-3A151B0B37A3}.Release|Any CPU.ActiveCfg = Release|Any CPU
		{041B7FCE-A2BE-4A4D-A27F-3A151B0B37A3}.Release|Any CPU.Build.0 = Release|Any CPU
		{041B7FCE-A2BE-4A4D-A27F-3A151B0B37A3}.Release|x64.ActiveCfg = Release|Any CPU
		{041B7FCE-A2BE-4A4D-A27F-3A151B0B37A3}.Release|x64.Build.0 = Release|Any CPU
		{041B7FCE-A2BE-4A4D-A27F-3A151B0B37A3}.Release|x86.ActiveCfg = Release|Any CPU
		{041B7FCE-A2BE-4A4D-A27F-3A151B0B37A3}.Release|x86.Build.0 = Release|Any CPU
		{698045FE-5083-4981-9E78-E1C6E1FC893A}.Debug|Any CPU.ActiveCfg = Debug|Any CPU
		{698045FE-5083-4981-9E78-E1C6E1FC893A}.Debug|Any CPU.Build.0 = Debug|Any CPU
		{698045FE-5083-4981-9E78-E1C6E1FC893A}.Debug|x64.ActiveCfg = Debug|Any CPU
		{698045FE-5083-4981-9E78-E1C6E1FC893A}.Debug|x64.Build.0 = Debug|Any CPU
		{698045FE-5083-4981-9E78-E1C6E1FC893A}.Debug|x86.ActiveCfg = Debug|Any CPU
		{698045FE-5083-4981-9E78-E1C6E1FC893A}.Debug|x86.Build.0 = Debug|Any CPU
		{698045FE-5083-4981-9E78-E1C6E1FC893A}.Release|Any CPU.ActiveCfg = Release|Any CPU
		{698045FE-5083-4981-9E78-E1C6E1FC893A}.Release|Any CPU.Build.0 = Release|Any CPU
		{698045FE-5083-4981-9E78-E1C6E1FC893A}.Release|x64.ActiveCfg = Release|Any CPU
		{698045FE-5083-4981-9E78-E1C6E1FC893A}.Release|x64.Build.0 = Release|Any CPU
		{698045FE-5083-4981-9E78-E1C6E1FC893A}.Release|x86.ActiveCfg = Release|Any CPU
		{698045FE-5083-4981-9E78-E1C6E1FC893A}.Release|x86.Build.0 = Release|Any CPU
		{90E1EB12-9A73-4E84-906C-8BCCE1A1903F}.Debug|Any CPU.ActiveCfg = Debug|Any CPU
		{90E1EB12-9A73-4E84-906C-8BCCE1A1903F}.Debug|Any CPU.Build.0 = Debug|Any CPU
		{90E1EB12-9A73-4E84-906C-8BCCE1A1903F}.Debug|x64.ActiveCfg = Debug|Any CPU
		{90E1EB12-9A73-4E84-906C-8BCCE1A1903F}.Debug|x64.Build.0 = Debug|Any CPU
		{90E1EB12-9A73-4E84-906C-8BCCE1A1903F}.Debug|x86.ActiveCfg = Debug|Any CPU
		{90E1EB12-9A73-4E84-906C-8BCCE1A1903F}.Debug|x86.Build.0 = Debug|Any CPU
		{90E1EB12-9A73-4E84-906C-8BCCE1A1903F}.Release|Any CPU.ActiveCfg = Release|Any CPU
		{90E1EB12-9A73-4E84-906C-8BCCE1A1903F}.Release|Any CPU.Build.0 = Release|Any CPU
		{90E1EB12-9A73-4E84-906C-8BCCE1A1903F}.Release|x64.ActiveCfg = Release|Any CPU
		{90E1EB12-9A73-4E84-906C-8BCCE1A1903F}.Release|x64.Build.0 = Release|Any CPU
		{90E1EB12-9A73-4E84-906C-8BCCE1A1903F}.Release|x86.ActiveCfg = Release|Any CPU
		{90E1EB12-9A73-4E84-906C-8BCCE1A1903F}.Release|x86.Build.0 = Release|Any CPU
		{0B15D6D8-6B4C-4E1A-99C6-F43B6FB7D9E7}.Debug|Any CPU.ActiveCfg = Debug|Any CPU
		{0B15D6D8-6B4C-4E1A-99C6-F43B6FB7D9E7}.Debug|Any CPU.Build.0 = Debug|Any CPU
		{0B15D6D8-6B4C-4E1A-99C6-F43B6FB7D9E7}.Debug|x64.ActiveCfg = Debug|Any CPU
		{0B15D6D8-6B4C-4E1A-99C6-F43B6FB7D9E7}.Debug|x64.Build.0 = Debug|Any CPU
		{0B15D6D8-6B4C-4E1A-99C6-F43B6FB7D9E7}.Debug|x86.ActiveCfg = Debug|Any CPU
		{0B15D6D8-6B4C-4E1A-99C6-F43B6FB7D9E7}.Debug|x86.Build.0 = Debug|Any CPU
		{0B15D6D8-6B4C-4E1A-99C6-F43B6FB7D9E7}.Release|Any CPU.ActiveCfg = Release|Any CPU
		{0B15D6D8-6B4C-4E1A-99C6-F43B6FB7D9E7}.Release|Any CPU.Build.0 = Release|Any CPU
		{0B15D6D8-6B4C-4E1A-99C6-F43B6FB7D9E7}.Release|x64.ActiveCfg = Release|Any CPU
		{0B15D6D8-6B4C-4E1A-99C6-F43B6FB7D9E7}.Release|x64.Build.0 = Release|Any CPU
		{0B15D6D8-6B4C-4E1A-99C6-F43B6FB7D9E7}.Release|x86.ActiveCfg = Release|Any CPU
		{0B15D6D8-6B4C-4E1A-99C6-F43B6FB7D9E7}.Release|x86.Build.0 = Release|Any CPU
	EndGlobalSection
	GlobalSection(SolutionProperties) = preSolution
		HideSolutionNode = FALSE
	EndGlobalSection
	GlobalSection(NestedProjects) = preSolution
		{B26BA936-83E2-4ABE-A859-DC7223669428} = {827E0CD3-B72D-47B6-A68D-7590B98EB39B}
		{E4333635-9528-45FD-A1D1-5533F37B375A} = {827E0CD3-B72D-47B6-A68D-7590B98EB39B}
		{373A725A-021A-471B-8350-D0F3A00D9D10} = {827E0CD3-B72D-47B6-A68D-7590B98EB39B}
		{1A93B793-25D1-4BB0-A002-A52B43C3F5C2} = {827E0CD3-B72D-47B6-A68D-7590B98EB39B}
		{795064CE-45C3-4581-848C-2AAE16B069DF} = {827E0CD3-B72D-47B6-A68D-7590B98EB39B}
		{D925DF29-2A80-4654-B979-7FAC78C04557} = {827E0CD3-B72D-47B6-A68D-7590B98EB39B}
		{BDFC9CD6-07CA-4132-AA3B-D9018B36A4DA} = {827E0CD3-B72D-47B6-A68D-7590B98EB39B}
		{B11B99A1-C038-4852-ADAE-AAF9BA954F33} = {827E0CD3-B72D-47B6-A68D-7590B98EB39B}
		{333FF4B5-3DFB-40B7-9371-054CB4DF7033} = {827E0CD3-B72D-47B6-A68D-7590B98EB39B}
		{C24D2D30-4CD1-403A-A3EC-58329F80759B} = {827E0CD3-B72D-47B6-A68D-7590B98EB39B}
		{9FA9805B-FF93-4323-AA58-DA85E78BA35B} = {827E0CD3-B72D-47B6-A68D-7590B98EB39B}
		{D2D28B38-9AF0-4781-81E7-958F1FC31B16} = {827E0CD3-B72D-47B6-A68D-7590B98EB39B}
		{2FF03E01-C366-455A-99FE-647CA15E084C} = {0AB3BF05-4346-4AA6-1389-037BE0695223}
		{6756D07B-ED6B-491C-880D-36E023BCE128} = {0AB3BF05-4346-4AA6-1389-037BE0695223}
		{F8C581F8-A512-44C3-9BF4-F918E69BDEA9} = {0AB3BF05-4346-4AA6-1389-037BE0695223}
		{041B7FCE-A2BE-4A4D-A27F-3A151B0B37A3} = {0AB3BF05-4346-4AA6-1389-037BE0695223}
		{698045FE-5083-4981-9E78-E1C6E1FC893A} = {0AB3BF05-4346-4AA6-1389-037BE0695223}
		{90E1EB12-9A73-4E84-906C-8BCCE1A1903F} = {0AB3BF05-4346-4AA6-1389-037BE0695223}
		{0B15D6D8-6B4C-4E1A-99C6-F43B6FB7D9E7} = {0AB3BF05-4346-4AA6-1389-037BE0695223}
	EndGlobalSection
EndGlobal
